# This file is @generated by PDM.
# It is not intended for manual editing.

[metadata]
groups = ["default", "lint", "type"]
strategy = ["cross_platform"]
lock_version = "4.4"
content_hash = "sha256:f8b8106163955236fb6196be2d6086b2d7b5244aa9c1a1ce52e07c916390dc07"

[[package]]
name = "asgiref"
version = "3.7.2"
requires_python = ">=3.7"
summary = "ASGI specs, helper code, and adapters"
dependencies = [
    "typing-extensions>=4; python_version < \"3.11\"",
]
files = [
    {file = "asgiref-3.7.2-py3-none-any.whl", hash = "sha256:89b2ef2247e3b562a16eef663bc0e2e703ec6468e2fa8a5cd61cd449786d4f6e"},
    {file = "asgiref-3.7.2.tar.gz", hash = "sha256:9e0ce3aa93a819ba5b45120216b23878cf6e8525eb3848653452b4192b92afed"},
]

[[package]]
name = "django"
version = "4.2.7"
requires_python = ">=3.8"
summary = "A high-level Python web framework that encourages rapid development and clean, pragmatic design."
dependencies = [
    "asgiref<4,>=3.6.0",
    "sqlparse>=0.3.1",
    "tzdata; sys_platform == \"win32\"",
]
files = [
    {file = "Django-4.2.7-py3-none-any.whl", hash = "sha256:e1d37c51ad26186de355cbcec16613ebdabfa9689bbade9c538835205a8abbe9"},
    {file = "Django-4.2.7.tar.gz", hash = "sha256:8e0f1c2c2786b5c0e39fe1afce24c926040fad47c8ea8ad30aaf1188df29fc41"},
]

[[package]]
name = "django-stubs"
version = "4.2.6"
requires_python = ">=3.8"
summary = "Mypy stubs for Django"
dependencies = [
    "django",
    "django-stubs-ext>=4.2.5",
    "tomli; python_version < \"3.11\"",
    "types-PyYAML",
    "types-pytz",
    "typing-extensions",
]
files = [
    {file = "django-stubs-4.2.6.tar.gz", hash = "sha256:e60b43de662a199db4b15c803c06669e0ac5035614af291cbd3b91591f7dcc94"},
    {file = "django_stubs-4.2.6-py3-none-any.whl", hash = "sha256:2fcd257884a68dfa02de41ee5410ec805264d9b07d9b5b119e4dea82c7b8345e"},
]

[[package]]
name = "django-stubs-ext"
version = "4.2.5"
requires_python = ">=3.8"
summary = "Monkey-patching and extensions for django-stubs"
dependencies = [
    "django",
    "typing-extensions",
]
files = [
    {file = "django-stubs-ext-4.2.5.tar.gz", hash = "sha256:8c4d1fb5f68419b3b2474c659681a189803e27d6a5e5abf5aa0da57601b58633"},
    {file = "django_stubs_ext-4.2.5-py3-none-any.whl", hash = "sha256:921cd7ae4614e74c234bc0fe86ee75537d163addfe1fc6f134bf03e29d86c01e"},
]

[[package]]
name = "mypy"
version = "1.7.0"
requires_python = ">=3.8"
summary = "Optional static typing for Python"
dependencies = [
    "mypy-extensions>=1.0.0",
    "tomli>=1.1.0; python_version < \"3.11\"",
    "typing-extensions>=4.1.0",
]
files = [
    {file = "mypy-1.7.0-cp310-cp310-macosx_10_9_x86_64.whl", hash = "sha256:5da84d7bf257fd8f66b4f759a904fd2c5a765f70d8b52dde62b521972a0a2357"},
    {file = "mypy-1.7.0-cp310-cp310-macosx_11_0_arm64.whl", hash = "sha256:a3637c03f4025f6405737570d6cbfa4f1400eb3c649317634d273687a09ffc2f"},
    {file = "mypy-1.7.0-cp310-cp310-manylinux_2_17_x86_64.manylinux2014_x86_64.whl", hash = "sha256:b633f188fc5ae1b6edca39dae566974d7ef4e9aaaae00bc36efe1f855e5173ac"},
    {file = "mypy-1.7.0-cp310-cp310-musllinux_1_1_x86_64.whl", hash = "sha256:d6ed9a3997b90c6f891138e3f83fb8f475c74db4ccaa942a1c7bf99e83a989a1"},
    {file = "mypy-1.7.0-cp310-cp310-win_amd64.whl", hash = "sha256:1fe46e96ae319df21359c8db77e1aecac8e5949da4773c0274c0ef3d8d1268a9"},
    {file = "mypy-1.7.0-cp311-cp311-macosx_10_9_x86_64.whl", hash = "sha256:df67fbeb666ee8828f675fee724cc2cbd2e4828cc3df56703e02fe6a421b7401"},
    {file = "mypy-1.7.0-cp311-cp311-macosx_11_0_arm64.whl", hash = "sha256:a79cdc12a02eb526d808a32a934c6fe6df07b05f3573d210e41808020aed8b5d"},
    {file = "mypy-1.7.0-cp311-cp311-manylinux_2_17_x86_64.manylinux2014_x86_64.whl", hash = "sha256:f65f385a6f43211effe8c682e8ec3f55d79391f70a201575def73d08db68ead1"},
    {file = "mypy-1.7.0-cp311-cp311-musllinux_1_1_x86_64.whl", hash = "sha256:0e81ffd120ee24959b449b647c4b2fbfcf8acf3465e082b8d58fd6c4c2b27e46"},
    {file = "mypy-1.7.0-cp311-cp311-win_amd64.whl", hash = "sha256:f29386804c3577c83d76520abf18cfcd7d68264c7e431c5907d250ab502658ee"},
    {file = "mypy-1.7.0-cp312-cp312-macosx_10_9_x86_64.whl", hash = "sha256:87c076c174e2c7ef8ab416c4e252d94c08cd4980a10967754f91571070bf5fbe"},
    {file = "mypy-1.7.0-cp312-cp312-macosx_11_0_arm64.whl", hash = "sha256:6cb8d5f6d0fcd9e708bb190b224089e45902cacef6f6915481806b0c77f7786d"},
    {file = "mypy-1.7.0-cp312-cp312-manylinux_2_17_x86_64.manylinux2014_x86_64.whl", hash = "sha256:d93e76c2256aa50d9c82a88e2f569232e9862c9982095f6d54e13509f01222fc"},
    {file = "mypy-1.7.0-cp312-cp312-musllinux_1_1_x86_64.whl", hash = "sha256:cddee95dea7990e2215576fae95f6b78a8c12f4c089d7e4367564704e99118d3"},
    {file = "mypy-1.7.0-cp312-cp312-win_amd64.whl", hash = "sha256:d01921dbd691c4061a3e2ecdbfbfad029410c5c2b1ee88946bf45c62c6c91210"},
    {file = "mypy-1.7.0-py3-none-any.whl", hash = "sha256:96650d9a4c651bc2a4991cf46f100973f656d69edc7faf91844e87fe627f7e96"},
    {file = "mypy-1.7.0.tar.gz", hash = "sha256:1e280b5697202efa698372d2f39e9a6713a0395a756b1c6bd48995f8d72690dc"},
]

[[package]]
name = "mypy-extensions"
version = "1.0.0"
requires_python = ">=3.5"
summary = "Type system extensions for programs checked with the mypy type checker."
files = [
    {file = "mypy_extensions-1.0.0-py3-none-any.whl", hash = "sha256:4392f6c0eb8a5668a69e23d168ffa70f0be9ccfd32b5cc2d26a34ae5b844552d"},
    {file = "mypy_extensions-1.0.0.tar.gz", hash = "sha256:75dbf8955dc00442a438fc4d0666508a9a97b6bd41aa2f0ffe9d2f2725af0782"},
]

[[package]]
name = "ruff"
version = "0.1.5"
requires_python = ">=3.7"
summary = "An extremely fast Python linter and code formatter, written in Rust."
files = [
    {file = "ruff-0.1.5-py3-none-macosx_10_7_x86_64.whl", hash = "sha256:32d47fc69261c21a4c48916f16ca272bf2f273eb635d91c65d5cd548bf1f3d96"},
    {file = "ruff-0.1.5-py3-none-macosx_10_9_x86_64.macosx_11_0_arm64.macosx_10_9_universal2.whl", hash = "sha256:171276c1df6c07fa0597fb946139ced1c2978f4f0b8254f201281729981f3c17"},
    {file = "ruff-0.1.5-py3-none-manylinux_2_17_aarch64.manylinux2014_aarch64.whl", hash = "sha256:17ef33cd0bb7316ca65649fc748acc1406dfa4da96a3d0cde6d52f2e866c7b39"},
    {file = "ruff-0.1.5-py3-none-manylinux_2_17_armv7l.manylinux2014_armv7l.whl", hash = "sha256:b2c205827b3f8c13b4a432e9585750b93fd907986fe1aec62b2a02cf4401eee6"},
    {file = "ruff-0.1.5-py3-none-manylinux_2_17_i686.manylinux2014_i686.whl", hash = "sha256:bb408e3a2ad8f6881d0f2e7ad70cddb3ed9f200eb3517a91a245bbe27101d379"},
    {file = "ruff-0.1.5-py3-none-manylinux_2_17_ppc64.manylinux2014_ppc64.whl", hash = "sha256:f20dc5e5905ddb407060ca27267c7174f532375c08076d1a953cf7bb016f5a24"},
    {file = "ruff-0.1.5-py3-none-manylinux_2_17_ppc64le.manylinux2014_ppc64le.whl", hash = "sha256:aafb9d2b671ed934998e881e2c0f5845a4295e84e719359c71c39a5363cccc91"},
    {file = "ruff-0.1.5-py3-none-manylinux_2_17_s390x.manylinux2014_s390x.whl", hash = "sha256:a4894dddb476597a0ba4473d72a23151b8b3b0b5f958f2cf4d3f1c572cdb7af7"},
    {file = "ruff-0.1.5-py3-none-manylinux_2_17_x86_64.manylinux2014_x86_64.whl", hash = "sha256:a00a7ec893f665ed60008c70fe9eeb58d210e6b4d83ec6654a9904871f982a2a"},
    {file = "ruff-0.1.5-py3-none-musllinux_1_2_aarch64.whl", hash = "sha256:a8c11206b47f283cbda399a654fd0178d7a389e631f19f51da15cbe631480c5b"},
    {file = "ruff-0.1.5-py3-none-musllinux_1_2_armv7l.whl", hash = "sha256:fa29e67b3284b9a79b1a85ee66e293a94ac6b7bb068b307a8a373c3d343aa8ec"},
    {file = "ruff-0.1.5-py3-none-musllinux_1_2_i686.whl", hash = "sha256:9b97fd6da44d6cceb188147b68db69a5741fbc736465b5cea3928fdac0bc1aeb"},
    {file = "ruff-0.1.5-py3-none-musllinux_1_2_x86_64.whl", hash = "sha256:721f4b9d3b4161df8dc9f09aa8562e39d14e55a4dbaa451a8e55bdc9590e20f4"},
    {file = "ruff-0.1.5-py3-none-win32.whl", hash = "sha256:f80c73bba6bc69e4fdc73b3991db0b546ce641bdcd5b07210b8ad6f64c79f1ab"},
    {file = "ruff-0.1.5-py3-none-win_amd64.whl", hash = "sha256:c21fe20ee7d76206d290a76271c1af7a5096bc4c73ab9383ed2ad35f852a0087"},
    {file = "ruff-0.1.5-py3-none-win_arm64.whl", hash = "sha256:82bfcb9927e88c1ed50f49ac6c9728dab3ea451212693fe40d08d314663e412f"},
    {file = "ruff-0.1.5.tar.gz", hash = "sha256:5cbec0ef2ae1748fb194f420fb03fb2c25c3258c86129af7172ff8f198f125ab"},
]

[[package]]
name = "sqlparse"
version = "0.4.4"
requires_python = ">=3.5"
summary = "A non-validating SQL parser."
files = [
    {file = "sqlparse-0.4.4-py3-none-any.whl", hash = "sha256:5430a4fe2ac7d0f93e66f1efc6e1338a41884b7ddf2a350cedd20ccc4d9d28f3"},
    {file = "sqlparse-0.4.4.tar.gz", hash = "sha256:d446183e84b8349fa3061f0fe7f06ca94ba65b426946ffebe6e3e8295332420c"},
]

[[package]]
name = "tomli"
version = "2.0.1"
requires_python = ">=3.7"
summary = "A lil' TOML parser"
files = [
    {file = "tomli-2.0.1-py3-none-any.whl", hash = "sha256:939de3e7a6161af0c887ef91b7d41a53e7c5a1ca976325f429cb46ea9bc30ecc"},
    {file = "tomli-2.0.1.tar.gz", hash = "sha256:de526c12914f0c550d15924c62d72abc48d6fe7364aa87328337a31007fe8a4f"},
]

[[package]]
name = "types-pytz"
version = "2023.3.1.1"
summary = "Typing stubs for pytz"
files = [
    {file = "types-pytz-2023.3.1.1.tar.gz", hash = "sha256:cc23d0192cd49c8f6bba44ee0c81e4586a8f30204970fc0894d209a6b08dab9a"},
    {file = "types_pytz-2023.3.1.1-py3-none-any.whl", hash = "sha256:1999a123a3dc0e39a2ef6d19f3f8584211de9e6a77fe7a0259f04a524e90a5cf"},
]

[[package]]
name = "types-pyyaml"
version = "6.0.12.12"
summary = "Typing stubs for PyYAML"
files = [
    {file = "types-PyYAML-6.0.12.12.tar.gz", hash = "sha256:334373d392fde0fdf95af5c3f1661885fa10c52167b14593eb856289e1855062"},
    {file = "types_PyYAML-6.0.12.12-py3-none-any.whl", hash = "sha256:c05bc6c158facb0676674b7f11fe3960db4f389718e19e62bd2b84d6205cfd24"},
]

[[package]]
name = "typing-extensions"
version = "4.8.0"
requires_python = ">=3.8"
summary = "Backported and Experimental Type Hints for Python 3.8+"
files = [
    {file = "typing_extensions-4.8.0-py3-none-any.whl", hash = "sha256:8f92fc8806f9a6b641eaa5318da32b44d401efaac0f6678c9bc448ba3605faa0"},
    {file = "typing_extensions-4.8.0.tar.gz", hash = "sha256:df8e4339e9cb77357558cbdbceca33c303714cf861d1eef15e1070055ae8b7ef"},
]

[[package]]
name = "tzdata"
version = "2023.3"
requires_python = ">=2"
summary = "Provider of IANA time zone data"
files = [
    {file = "tzdata-2023.3-py2.py3-none-any.whl", hash = "sha256:7e65763eef3120314099b6939b5546db7adce1e7d6f2e179e3df563c70511eda"},
    {file = "tzdata-2023.3.tar.gz", hash = "sha256:11ef1e08e54acb0d4f95bdb1be05da659673de4acbd21bf9c69e94cc5e907a3a"},
]
